
Microsoft Visual Studio Solution File, Format Version 12.00
# Visual Studio 15
VisualStudioVersion = 15.0.28307.572
MinimumVisualStudioVersion = 10.0.40219.1
Project("{FAE04EC0-301F-11D3-BF4B-00C04F79EFBC}") = "InterfaceTask1", "InterfaceTask1\InterfaceTask1.csproj", "{0F610660-023F-48B7-B3F0-B54FBE73038F}"
EndProject
Project("{FAE04EC0-301F-11D3-BF4B-00C04F79EFBC}") = "InterfaceTask2", "InterfaceTask2\InterfaceTask2.csproj", "{F394BB33-1FEF-4FEB-9BA0-A14557A7F398}"
EndProject
Project("{FAE04EC0-301F-11D3-BF4B-00C04F79EFBC}") = "InterfaceTask3", "InterfaceTask3\InterfaceTask3.csproj", "{FE3910F6-3121-4639-B193-AE60491B4A47}"
EndProject
Global
	GlobalSection(SolutionConfigurationPlatforms) = preSolution
		Debug|Any CPU = Debug|Any CPU
		Release|Any CPU = Release|Any CPU
	EndGlobalSection
	GlobalSection(ProjectConfigurationPlatforms) = postSolution
		{0F610660-023F-48B7-B3F0-B54FBE73038F}.Debug|Any CPU.ActiveCfg = Debug|Any CPU
		{0F610660-023F-48B7-B3F0-B54FBE73038F}.Debug|Any CPU.Build.0 = Debug|Any CPU
		{0F610660-023F-48B7-B3F0-B54FBE73038F}.Release|Any CPU.ActiveCfg = Release|Any CPU
		{0F610660-023F-48B7-B3F0-B54FBE73038F}.Release|Any CPU.Build.0 = Release|Any CPU
		{F394BB33-1FEF-4FEB-9BA0-A14557A7F398}.Debug|Any CPU.ActiveCfg = Debug|Any CPU
		{F394BB33-1FEF-4FEB-9BA0-A14557A7F398}.Debug|Any CPU.Build.0 = Debug|Any CPU
		{F394BB33-1FEF-4FEB-9BA0-A14557A7F398}.Release|Any CPU.ActiveCfg = Release|Any CPU
		{F394BB33-1FEF-4FEB-9BA0-A14557A7F398}.Release|Any CPU.Build.0 = Release|Any CPU
		{FE3910F6-3121-4639-B193-AE60491B4A47}.Debug|Any CPU.ActiveCfg = Debug|Any CPU
		{FE3910F6-3121-4639-B193-AE60491B4A47}.Debug|Any CPU.Build.0 = Debug|Any CPU
		{FE3910F6-3121-4639-B193-AE60491B4A47}.Release|Any CPU.ActiveCfg = Release|Any CPU
		{FE3910F6-3121-4639-B193-AE60491B4A47}.Release|Any CPU.Build.0 = Release|Any CPU
	EndGlobalSection
	GlobalSection(SolutionProperties) = preSolution
		HideSolutionNode = FALSE
	EndGlobalSection
	GlobalSection(ExtensibilityGlobals) = postSolution
		SolutionGuid = {584A8284-C1E6-4020-A749-83A183CB3B8E}
	EndGlobalSection
EndGlobal
